
Microsoft Visual Studio Solution File, Format Version 12.00
# Visual Studio Version 16
VisualStudioVersion = 16.0.32126.315
MinimumVisualStudioVersion = 10.0.40219.1
Project("{FAE04EC0-301F-11D3-BF4B-00C04F79EFBC}") = "Lab02", "Lab02\Lab02.csproj", "{D0BB559D-79B8-4E9F-BF32-AB9299E84D17}"
EndProject
Global
	GlobalSection(SolutionConfigurationPlatforms) = preSolution
		Debug|Any CPU = Debug|Any CPU
		Release|Any CPU = Release|Any CPU
	EndGlobalSection
	GlobalSection(ProjectConfigurationPlatforms) = postSolution
		{D0BB559D-79B8-4E9F-BF32-AB9299E84D17}.Debug|Any CPU.ActiveCfg = Debug|Any CPU
		{D0BB559D-79B8-4E9F-BF32-AB9299E84D17}.Debug|Any CPU.Build.0 = Debug|Any CPU
		{D0BB559D-79B8-4E9F-BF32-AB9299E84D17}.Release|Any CPU.ActiveCfg = Release|Any CPU
		{D0BB559D-79B8-4E9F-BF32-AB9299E84D17}.Release|Any CPU.Build.0 = Release|Any CPU
	EndGlobalSection
	GlobalSection(SolutionProperties) = preSolution
		HideSolutionNode = FALSE
	EndGlobalSection
	GlobalSection(ExtensibilityGlobals) = postSolution
		SolutionGuid = {03885CD8-E645-402A-B12C-B4F6A9468E32}
	EndGlobalSection
EndGlobal
