
Microsoft Visual Studio Solution File, Format Version 12.00
# Visual Studio Version 16
VisualStudioVersion = 16.0.32126.315
MinimumVisualStudioVersion = 10.0.40219.1
Project("{FAE04EC0-301F-11D3-BF4B-00C04F79EFBC}") = "Lab01", "Lab01\Lab01.csproj", "{FBF72928-1DF0-4AA4-93EA-7D7D995727EC}"
EndProject
Global
	GlobalSection(SolutionConfigurationPlatforms) = preSolution
		Debug|Any CPU = Debug|Any CPU
		Release|Any CPU = Release|Any CPU
	EndGlobalSection
	GlobalSection(ProjectConfigurationPlatforms) = postSolution
		{FBF72928-1DF0-4AA4-93EA-7D7D995727EC}.Debug|Any CPU.ActiveCfg = Debug|Any CPU
		{FBF72928-1DF0-4AA4-93EA-7D7D995727EC}.Debug|Any CPU.Build.0 = Debug|Any CPU
		{FBF72928-1DF0-4AA4-93EA-7D7D995727EC}.Release|Any CPU.ActiveCfg = Release|Any CPU
		{FBF72928-1DF0-4AA4-93EA-7D7D995727EC}.Release|Any CPU.Build.0 = Release|Any CPU
	EndGlobalSection
	GlobalSection(SolutionProperties) = preSolution
		HideSolutionNode = FALSE
	EndGlobalSection
	GlobalSection(ExtensibilityGlobals) = postSolution
		SolutionGuid = {C9075805-13B4-4439-83B5-31B37A357AEA}
	EndGlobalSection
EndGlobal
